
Microsoft Visual Studio Solution File, Format Version 12.00
# Visual Studio Version 17
VisualStudioVersion = 17.5.33530.505
MinimumVisualStudioVersion = 10.0.40219.1
Project("{FAE04EC0-301F-11D3-BF4B-00C04F79EFBC}") = "EjemploClassLibrary", "EjemploClassLibrary\EjemploClassLibrary.csproj", "{A0E496F7-B8CF-4051-B196-52B80934B424}"
EndProject
Project("{FAE04EC0-301F-11D3-BF4B-00C04F79EFBC}") = "ConsoleAppYusoDeLaClassLibrary", "ConsoleAppYusoDeLaClassLibrary\ConsoleAppYusoDeLaClassLibrary.csproj", "{084CF591-AB4F-4502-B74E-1A4ADF35C455}"
EndProject
Global
	GlobalSection(SolutionConfigurationPlatforms) = preSolution
		Debug|Any CPU = Debug|Any CPU
		Release|Any CPU = Release|Any CPU
	EndGlobalSection
	GlobalSection(ProjectConfigurationPlatforms) = postSolution
		{A0E496F7-B8CF-4051-B196-52B80934B424}.Debug|Any CPU.ActiveCfg = Debug|Any CPU
		{A0E496F7-B8CF-4051-B196-52B80934B424}.Debug|Any CPU.Build.0 = Debug|Any CPU
		{A0E496F7-B8CF-4051-B196-52B80934B424}.Release|Any CPU.ActiveCfg = Release|Any CPU
		{A0E496F7-B8CF-4051-B196-52B80934B424}.Release|Any CPU.Build.0 = Release|Any CPU
		{084CF591-AB4F-4502-B74E-1A4ADF35C455}.Debug|Any CPU.ActiveCfg = Debug|Any CPU
		{084CF591-AB4F-4502-B74E-1A4ADF35C455}.Debug|Any CPU.Build.0 = Debug|Any CPU
		{084CF591-AB4F-4502-B74E-1A4ADF35C455}.Release|Any CPU.ActiveCfg = Release|Any CPU
		{084CF591-AB4F-4502-B74E-1A4ADF35C455}.Release|Any CPU.Build.0 = Release|Any CPU
	EndGlobalSection
	GlobalSection(SolutionProperties) = preSolution
		HideSolutionNode = FALSE
	EndGlobalSection
	GlobalSection(ExtensibilityGlobals) = postSolution
		SolutionGuid = {8D12211A-32E0-45CC-A785-49950893466D}
	EndGlobalSection
EndGlobal
