
Microsoft Visual Studio Solution File, Format Version 12.00
# Visual Studio Version 17
VisualStudioVersion = 17.5.33530.505
MinimumVisualStudioVersion = 10.0.40219.1
Project("{FAE04EC0-301F-11D3-BF4B-00C04F79EFBC}") = "EjemploDeBanco", "EjemploDeBanco.csproj", "{DF79C289-09B0-4474-9871-CD0793EE9785}"
EndProject
Global
	GlobalSection(SolutionConfigurationPlatforms) = preSolution
		Debug|Any CPU = Debug|Any CPU
		Release|Any CPU = Release|Any CPU
	EndGlobalSection
	GlobalSection(ProjectConfigurationPlatforms) = postSolution
		{DF79C289-09B0-4474-9871-CD0793EE9785}.Debug|Any CPU.ActiveCfg = Debug|Any CPU
		{DF79C289-09B0-4474-9871-CD0793EE9785}.Debug|Any CPU.Build.0 = Debug|Any CPU
		{DF79C289-09B0-4474-9871-CD0793EE9785}.Release|Any CPU.ActiveCfg = Release|Any CPU
		{DF79C289-09B0-4474-9871-CD0793EE9785}.Release|Any CPU.Build.0 = Release|Any CPU
	EndGlobalSection
	GlobalSection(SolutionProperties) = preSolution
		HideSolutionNode = FALSE
	EndGlobalSection
	GlobalSection(ExtensibilityGlobals) = postSolution
		SolutionGuid = {2668EE17-6C32-4BC2-8CCC-B65CE8658174}
	EndGlobalSection
EndGlobal
